Microsoft Visual Studio Solution File, Format Version 12.00
# Visual Studio Version 17
VisualStudioVersion = 17.5.2.0
MinimumVisualStudioVersion = 10.0.40219.1
Project("{FAE04EC0-301F-11D3-BF4B-00C04F79EFBC}") = "tradingsystem", "tradingsystem.csproj", "{0157FAE5-44B1-4E98-5FF5-DD9041C8B1CA}"
EndProject
Global
	GlobalSection(SolutionConfigurationPlatforms) = preSolution
		Debug|Any CPU = Debug|Any CPU
		Release|Any CPU = Release|Any CPU
	EndGlobalSection
	GlobalSection(ProjectConfigurationPlatforms) = postSolution
		{0157FAE5-44B1-4E98-5FF5-DD9041C8B1CA}.Debug|Any CPU.ActiveCfg = Debug|Any CPU
		{0157FAE5-44B1-4E98-5FF5-DD9041C8B1CA}.Debug|Any CPU.Build.0 = Debug|Any CPU
		{0157FAE5-44B1-4E98-5FF5-DD9041C8B1CA}.Release|Any CPU.ActiveCfg = Release|Any CPU
		{0157FAE5-44B1-4E98-5FF5-DD9041C8B1CA}.Release|Any CPU.Build.0 = Release|Any CPU
	EndGlobalSection
	GlobalSection(SolutionProperties) = preSolution
		HideSolutionNode = FALSE
	EndGlobalSection
	GlobalSection(ExtensibilityGlobals) = postSolution
		SolutionGuid = {5F45E801-74C4-43B2-AC5D-885F7E3C8C75}
	EndGlobalSection
EndGlobal
